dependencies:
- name: prometheus-node-exporter
  repository: https://prometheus-community.github.io/helm-charts
  version: 4.56.1
- name: kube-state-metrics
  repository: https://prometheus-community.github.io/helm-charts
  version: 8.4.1
digest: sha256:c6c7f2f0f486ee599c1c41825d6cba46ffbfec6d2143f134086d0625ea99fd9b
generated: "2026-08-28T00:00:00.000000000Z"
