dependencies:
- name: prometheus-node-exporter
  repository: https://prometheus-community.github.io/helm-charts
  version: 4.56.1
- name: kube-state-metrics
  repository: https://prometheus-community.github.io/helm-charts
  version: 8.0.0
digest: sha256:7e0ec685fd80051a2b61d5085ba1f8fcfbd5f4d6b56c20594f092a9df66d41c8
generated: "2026-07-30T11:30:06.007065565Z"
